
Microsoft Visual Studio Solution File, Format Version 12.00
# Visual Studio Version 16
VisualStudioVersion = 16.0.29521.150
MinimumVisualStudioVersion = 10.0.40219.1
Project("{2150E333-8FDC-42A3-9474-1A3956D46DE8}") = "Solution Items", "Solution Items", "{8767787F-0B72-40D8-B7E2-6E060EA64BE3}"
	ProjectSection(SolutionItems) = preProject
		.editorconfig = .editorconfig
		azure-pipelines.yml = azure-pipelines.yml
	EndProjectSection
EndProject
Project("{9A19103F-16F7-4668-BE54-9A1E7A4F7556}") = "SW.Serverless.SampleWeb", "SW.Serverless.SampleWeb\SW.Serverless.SampleWeb.csproj", "{B96DA935-5414-4518-8FD9-A52E8543AE92}"
EndProject
Project("{9A19103F-16F7-4668-BE54-9A1E7A4F7556}") = "SW.Serverless", "SW.Serverless\SW.Serverless.csproj", "{A64A8B2F-CE91-4BFB-B792-3EFA6BEB7B14}"
EndProject
Project("{9A19103F-16F7-4668-BE54-9A1E7A4F7556}") = "SW.Serverless.Sdk", "SW.Serverless.Sdk\SW.Serverless.Sdk.csproj", "{A9B5B0EB-441D-4942-B4F6-C972278AD375}"
EndProject
Project("{9A19103F-16F7-4668-BE54-9A1E7A4F7556}") = "SW.Serverless.Installer", "SW.Serverless.Installer\SW.Serverless.Installer.csproj", "{3479F6FE-DEE6-4F24-89DF-23771EEFCFE1}"
EndProject
Project("{9A19103F-16F7-4668-BE54-9A1E7A4F7556}") = "SW.Serverless.UnitTests", "SW.Serverless.UnitTests\SW.Serverless.UnitTests.csproj", "{3590E338-08D5-4C41-9F81-5E9FAAB269C8}"
EndProject
Project("{9A19103F-16F7-4668-BE54-9A1E7A4F7556}") = "SW.Serverless.UnitTests.Adapter", "SW.Serverless.UnitTests.Adapter\SW.Serverless.UnitTests.Adapter.csproj", "{233C43CF-ECAC-4C94-9A8B-13568128016D}"
EndProject
Project("{FAE04EC0-301F-11D3-BF4B-00C04F79EFBC}") = "SW.Serverless.Installer.UnitTests", "SW.Serverless.Installer.UnitTests\SW.Serverless.Installer.UnitTests.csproj", "{ED1210FF-3503-45CF-B034-A40E6D803BCB}"
EndProject
Project("{FAE04EC0-301F-11D3-BF4B-00C04F79EFBC}") = "SW.Serverless.Contract", "SW.Serverless.Contract\SW.Serverless.Contract.csproj", "{0024AA80-EA22-4D35-9049-692A668258B6}"
EndProject
Project("{FAE04EC0-301F-11D3-BF4B-00C04F79EFBC}") = "SW.Serverless.Samples.Ticker", "SW.Serverless.Samples.Ticker\SW.Serverless.Samples.Ticker.csproj", "{FA50CB64-9B77-4DB3-9A9B-99CB6F7FA088}"
EndProject
Project("{FAE04EC0-301F-11D3-BF4B-00C04F79EFBC}") = "SW.Serverless.Samples.FolderSource", "SW.Serverless.Samples.FolderSource\SW.Serverless.Samples.FolderSource.csproj", "{3A0A1347-00A7-4E7A-8458-AAAF7B59DAC9}"
EndProject
Project("{FAE04EC0-301F-11D3-BF4B-00C04F79EFBC}") = "SW.Serverless.Samples.Host", "SW.Serverless.Samples.Host\SW.Serverless.Samples.Host.csproj", "{B5210548-D7B3-49F5-B549-535FDA7F5E58}"
EndProject
Global
	GlobalSection(SolutionConfigurationPlatforms) = preSolution
		Debug|Any CPU = Debug|Any CPU
		Debug|x64 = Debug|x64
		Debug|x86 = Debug|x86
		Release|Any CPU = Release|Any CPU
		Release|x64 = Release|x64
		Release|x86 = Release|x86
	EndGlobalSection
	GlobalSection(ProjectConfigurationPlatforms) = postSolution
		{B96DA935-5414-4518-8FD9-A52E8543AE92}.Debug|Any CPU.ActiveCfg = Debug|Any CPU
		{B96DA935-5414-4518-8FD9-A52E8543AE92}.Debug|Any CPU.Build.0 = Debug|Any CPU
		{B96DA935-5414-4518-8FD9-A52E8543AE92}.Debug|x64.ActiveCfg = Debug|Any CPU
		{B96DA935-5414-4518-8FD9-A52E8543AE92}.Debug|x64.Build.0 = Debug|Any CPU
		{B96DA935-5414-4518-8FD9-A52E8543AE92}.Debug|x86.ActiveCfg = Debug|Any CPU
		{B96DA935-5414-4518-8FD9-A52E8543AE92}.Debug|x86.Build.0 = Debug|Any CPU
		{B96DA935-5414-4518-8FD9-A52E8543AE92}.Release|Any CPU.ActiveCfg = Release|Any CPU
		{B96DA935-5414-4518-8FD9-A52E8543AE92}.Release|Any CPU.Build.0 = Release|Any CPU
		{B96DA935-5414-4518-8FD9-A52E8543AE92}.Release|x64.ActiveCfg = Release|Any CPU
		{B96DA935-5414-4518-8FD9-A52E8543AE92}.Release|x64.Build.0 = Release|Any CPU
		{B96DA935-5414-4518-8FD9-A52E8543AE92}.Release|x86.ActiveCfg = Release|Any CPU
		{B96DA935-5414-4518-8FD9-A52E8543AE92}.Release|x86.Build.0 = Release|Any CPU
		{A64A8B2F-CE91-4BFB-B792-3EFA6BEB7B14}.Debug|Any CPU.ActiveCfg = Debug|Any CPU
		{A64A8B2F-CE91-4BFB-B792-3EFA6BEB7B14}.Debug|Any CPU.Build.0 = Debug|Any CPU
		{A64A8B2F-CE91-4BFB-B792-3EFA6BEB7B14}.Debug|x64.ActiveCfg = Debug|Any CPU
		{A64A8B2F-CE91-4BFB-B792-3EFA6BEB7B14}.Debug|x64.Build.0 = Debug|Any CPU
		{A64A8B2F-CE91-4BFB-B792-3EFA6BEB7B14}.Debug|x86.ActiveCfg = Debug|Any CPU
		{A64A8B2F-CE91-4BFB-B792-3EFA6BEB7B14}.Debug|x86.Build.0 = Debug|Any CPU
		{A64A8B2F-CE91-4BFB-B792-3EFA6BEB7B14}.Release|Any CPU.ActiveCfg = Release|Any CPU
		{A64A8B2F-CE91-4BFB-B792-3EFA6BEB7B14}.Release|Any CPU.Build.0 = Release|Any CPU
		{A64A8B2F-CE91-4BFB-B792-3EFA6BEB7B14}.Release|x64.ActiveCfg = Release|Any CPU
		{A64A8B2F-CE91-4BFB-B792-3EFA6BEB7B14}.Release|x64.Build.0 = Release|Any CPU
		{A64A8B2F-CE91-4BFB-B792-3EFA6BEB7B14}.Release|x86.ActiveCfg = Release|Any CPU
		{A64A8B2F-CE91-4BFB-B792-3EFA6BEB7B14}.Release|x86.Build.0 = Release|Any CPU
		{A9B5B0EB-441D-4942-B4F6-C972278AD375}.Debug|Any CPU.ActiveCfg = Debug|Any CPU
		{A9B5B0EB-441D-4942-B4F6-C972278AD375}.Debug|Any CPU.Build.0 = Debug|Any CPU
		{A9B5B0EB-441D-4942-B4F6-C972278AD375}.Debug|x64.ActiveCfg = Debug|Any CPU
		{A9B5B0EB-441D-4942-B4F6-C972278AD375}.Debug|x64.Build.0 = Debug|Any CPU
		{A9B5B0EB-441D-4942-B4F6-C972278AD375}.Debug|x86.ActiveCfg = Debug|Any CPU
		{A9B5B0EB-441D-4942-B4F6-C972278AD375}.Debug|x86.Build.0 = Debug|Any CPU
		{A9B5B0EB-441D-4942-B4F6-C972278AD375}.Release|Any CPU.ActiveCfg = Release|Any CPU
		{A9B5B0EB-441D-4942-B4F6-C972278AD375}.Release|Any CPU.Build.0 = Release|Any CPU
		{A9B5B0EB-441D-4942-B4F6-C972278AD375}.Release|x64.ActiveCfg = Release|Any CPU
		{A9B5B0EB-441D-4942-B4F6-C972278AD375}.Release|x64.Build.0 = Release|Any CPU
		{A9B5B0EB-441D-4942-B4F6-C972278AD375}.Release|x86.ActiveCfg = Release|Any CPU
		{A9B5B0EB-441D-4942-B4F6-C972278AD375}.Release|x86.Build.0 = Release|Any CPU
		{3479F6FE-DEE6-4F24-89DF-23771EEFCFE1}.Debug|Any CPU.ActiveCfg = Debug|Any CPU
		{3479F6FE-DEE6-4F24-89DF-23771EEFCFE1}.Debug|Any CPU.Build.0 = Debug|Any CPU
		{3479F6FE-DEE6-4F24-89DF-23771EEFCFE1}.Debug|x64.ActiveCfg = Debug|Any CPU
		{3479F6FE-DEE6-4F24-89DF-23771EEFCFE1}.Debug|x64.Build.0 = Debug|Any CPU
		{3479F6FE-DEE6-4F24-89DF-23771EEFCFE1}.Debug|x86.ActiveCfg = Debug|Any CPU
		{3479F6FE-DEE6-4F24-89DF-23771EEFCFE1}.Debug|x86.Build.0 = Debug|Any CPU
		{3479F6FE-DEE6-4F24-89DF-23771EEFCFE1}.Release|Any CPU.ActiveCfg = Release|Any CPU
		{3479F6FE-DEE6-4F24-89DF-23771EEFCFE1}.Release|Any CPU.Build.0 = Release|Any CPU
		{3479F6FE-DEE6-4F24-89DF-23771EEFCFE1}.Release|x64.ActiveCfg = Release|Any CPU
		{3479F6FE-DEE6-4F24-89DF-23771EEFCFE1}.Release|x64.Build.0 = Release|Any CPU
		{3479F6FE-DEE6-4F24-89DF-23771EEFCFE1}.Release|x86.ActiveCfg = Release|Any CPU
		{3479F6FE-DEE6-4F24-89DF-23771EEFCFE1}.Release|x86.Build.0 = Release|Any CPU
		{3590E338-08D5-4C41-9F81-5E9FAAB269C8}.Debug|Any CPU.ActiveCfg = Debug|Any CPU
		{3590E338-08D5-4C41-9F81-5E9FAAB269C8}.Debug|Any CPU.Build.0 = Debug|Any CPU
		{3590E338-08D5-4C41-9F81-5E9FAAB269C8}.Debug|x64.ActiveCfg = Debug|Any CPU
		{3590E338-08D5-4C41-9F81-5E9FAAB269C8}.Debug|x64.Build.0 = Debug|Any CPU
		{3590E338-08D5-4C41-9F81-5E9FAAB269C8}.Debug|x86.ActiveCfg = Debug|Any CPU
		{3590E338-08D5-4C41-9F81-5E9FAAB269C8}.Debug|x86.Build.0 = Debug|Any CPU
		{3590E338-08D5-4C41-9F81-5E9FAAB269C8}.Release|Any CPU.ActiveCfg = Release|Any CPU
		{3590E338-08D5-4C41-9F81-5E9FAAB269C8}.Release|Any CPU.Build.0 = Release|Any CPU
		{3590E338-08D5-4C41-9F81-5E9FAAB269C8}.Release|x64.ActiveCfg = Release|Any CPU
		{3590E338-08D5-4C41-9F81-5E9FAAB269C8}.Release|x64.Build.0 = Release|Any CPU
		{3590E338-08D5-4C41-9F81-5E9FAAB269C8}.Release|x86.ActiveCfg = Release|Any CPU
		{3590E338-08D5-4C41-9F81-5E9FAAB269C8}.Release|x86.Build.0 = Release|Any CPU
		{233C43CF-ECAC-4C94-9A8B-13568128016D}.Debug|Any CPU.ActiveCfg = Debug|Any CPU
		{233C43CF-ECAC-4C94-9A8B-13568128016D}.Debug|Any CPU.Build.0 = Debug|Any CPU
		{233C43CF-ECAC-4C94-9A8B-13568128016D}.Debug|x64.ActiveCfg = Debug|Any CPU
		{233C43CF-ECAC-4C94-9A8B-13568128016D}.Debug|x64.Build.0 = Debug|Any CPU
		{233C43CF-ECAC-4C94-9A8B-13568128016D}.Debug|x86.ActiveCfg = Debug|Any CPU
		{233C43CF-ECAC-4C94-9A8B-13568128016D}.Debug|x86.Build.0 = Debug|Any CPU
		{233C43CF-ECAC-4C94-9A8B-13568128016D}.Release|Any CPU.ActiveCfg = Release|Any CPU
		{233C43CF-ECAC-4C94-9A8B-13568128016D}.Release|Any CPU.Build.0 = Release|Any CPU
		{233C43CF-ECAC-4C94-9A8B-13568128016D}.Release|x64.ActiveCfg = Release|Any CPU
		{233C43CF-ECAC-4C94-9A8B-13568128016D}.Release|x64.Build.0 = Release|Any CPU
		{233C43CF-ECAC-4C94-9A8B-13568128016D}.Release|x86.ActiveCfg = Release|Any CPU
		{233C43CF-ECAC-4C94-9A8B-13568128016D}.Release|x86.Build.0 = Release|Any CPU
		{ED1210FF-3503-45CF-B034-A40E6D803BCB}.Debug|Any CPU.ActiveCfg = Debug|Any CPU
		{ED1210FF-3503-45CF-B034-A40E6D803BCB}.Debug|Any CPU.Build.0 = Debug|Any CPU
		{ED1210FF-3503-45CF-B034-A40E6D803BCB}.Debug|x64.ActiveCfg = Debug|Any CPU
		{ED1210FF-3503-45CF-B034-A40E6D803BCB}.Debug|x64.Build.0 = Debug|Any CPU
		{ED1210FF-3503-45CF-B034-A40E6D803BCB}.Debug|x86.ActiveCfg = Debug|Any CPU
		{ED1210FF-3503-45CF-B034-A40E6D803BCB}.Debug|x86.Build.0 = Debug|Any CPU
		{ED1210FF-3503-45CF-B034-A40E6D803BCB}.Release|Any CPU.ActiveCfg = Release|Any CPU
		{ED1210FF-3503-45CF-B034-A40E6D803BCB}.Release|Any CPU.Build.0 = Release|Any CPU
		{ED1210FF-3503-45CF-B034-A40E6D803BCB}.Release|x64.ActiveCfg = Release|Any CPU
		{ED1210FF-3503-45CF-B034-A40E6D803BCB}.Release|x64.Build.0 = Release|Any CPU
		{ED1210FF-3503-45CF-B034-A40E6D803BCB}.Release|x86.ActiveCfg = Release|Any CPU
		{ED1210FF-3503-45CF-B034-A40E6D803BCB}.Release|x86.Build.0 = Release|Any CPU
		{0024AA80-EA22-4D35-9049-692A668258B6}.Debug|Any CPU.ActiveCfg = Debug|Any CPU
		{0024AA80-EA22-4D35-9049-692A668258B6}.Debug|Any CPU.Build.0 = Debug|Any CPU
		{0024AA80-EA22-4D35-9049-692A668258B6}.Debug|x64.ActiveCfg = Debug|Any CPU
		{0024AA80-EA22-4D35-9049-692A668258B6}.Debug|x64.Build.0 = Debug|Any CPU
		{0024AA80-EA22-4D35-9049-692A668258B6}.Debug|x86.ActiveCfg = Debug|Any CPU
		{0024AA80-EA22-4D35-9049-692A668258B6}.Debug|x86.Build.0 = Debug|Any CPU
		{0024AA80-EA22-4D35-9049-692A668258B6}.Release|Any CPU.ActiveCfg = Release|Any CPU
		{0024AA80-EA22-4D35-9049-692A668258B6}.Release|Any CPU.Build.0 = Release|Any CPU
		{0024AA80-EA22-4D35-9049-692A668258B6}.Release|x64.ActiveCfg = Release|Any CPU
		{0024AA80-EA22-4D35-9049-692A668258B6}.Release|x64.Build.0 = Release|Any CPU
		{0024AA80-EA22-4D35-9049-692A668258B6}.Release|x86.ActiveCfg = Release|Any CPU
		{0024AA80-EA22-4D35-9049-692A668258B6}.Release|x86.Build.0 = Release|Any CPU
		{FA50CB64-9B77-4DB3-9A9B-99CB6F7FA088}.Debug|Any CPU.ActiveCfg = Debug|Any CPU
		{FA50CB64-9B77-4DB3-9A9B-99CB6F7FA088}.Debug|Any CPU.Build.0 = Debug|Any CPU
		{FA50CB64-9B77-4DB3-9A9B-99CB6F7FA088}.Debug|x64.ActiveCfg = Debug|Any CPU
		{FA50CB64-9B77-4DB3-9A9B-99CB6F7FA088}.Debug|x64.Build.0 = Debug|Any CPU
		{FA50CB64-9B77-4DB3-9A9B-99CB6F7FA088}.Debug|x86.ActiveCfg = Debug|Any CPU
		{FA50CB64-9B77-4DB3-9A9B-99CB6F7FA088}.Debug|x86.Build.0 = Debug|Any CPU
		{FA50CB64-9B77-4DB3-9A9B-99CB6F7FA088}.Release|Any CPU.ActiveCfg = Release|Any CPU
		{FA50CB64-9B77-4DB3-9A9B-99CB6F7FA088}.Release|Any CPU.Build.0 = Release|Any CPU
		{FA50CB64-9B77-4DB3-9A9B-99CB6F7FA088}.Release|x64.ActiveCfg = Release|Any CPU
		{FA50CB64-9B77-4DB3-9A9B-99CB6F7FA088}.Release|x64.Build.0 = Release|Any CPU
		{FA50CB64-9B77-4DB3-9A9B-99CB6F7FA088}.Release|x86.ActiveCfg = Release|Any CPU
		{FA50CB64-9B77-4DB3-9A9B-99CB6F7FA088}.Release|x86.Build.0 = Release|Any CPU
		{3A0A1347-00A7-4E7A-8458-AAAF7B59DAC9}.Debug|Any CPU.ActiveCfg = Debug|Any CPU
		{3A0A1347-00A7-4E7A-8458-AAAF7B59DAC9}.Debug|Any CPU.Build.0 = Debug|Any CPU
		{3A0A1347-00A7-4E7A-8458-AAAF7B59DAC9}.Debug|x64.ActiveCfg = Debug|Any CPU
		{3A0A1347-00A7-4E7A-8458-AAAF7B59DAC9}.Debug|x64.Build.0 = Debug|Any CPU
		{3A0A1347-00A7-4E7A-8458-AAAF7B59DAC9}.Debug|x86.ActiveCfg = Debug|Any CPU
		{3A0A1347-00A7-4E7A-8458-AAAF7B59DAC9}.Debug|x86.Build.0 = Debug|Any CPU
		{3A0A1347-00A7-4E7A-8458-AAAF7B59DAC9}.Release|Any CPU.ActiveCfg = Release|Any CPU
		{3A0A1347-00A7-4E7A-8458-AAAF7B59DAC9}.Release|Any CPU.Build.0 = Release|Any CPU
		{3A0A1347-00A7-4E7A-8458-AAAF7B59DAC9}.Release|x64.ActiveCfg = Release|Any CPU
		{3A0A1347-00A7-4E7A-8458-AAAF7B59DAC9}.Release|x64.Build.0 = Release|Any CPU
		{3A0A1347-00A7-4E7A-8458-AAAF7B59DAC9}.Release|x86.ActiveCfg = Release|Any CPU
		{3A0A1347-00A7-4E7A-8458-AAAF7B59DAC9}.Release|x86.Build.0 = Release|Any CPU
		{B5210548-D7B3-49F5-B549-535FDA7F5E58}.Debug|Any CPU.ActiveCfg = Debug|Any CPU
		{B5210548-D7B3-49F5-B549-535FDA7F5E58}.Debug|Any CPU.Build.0 = Debug|Any CPU
		{B5210548-D7B3-49F5-B549-535FDA7F5E58}.Debug|x64.ActiveCfg = Debug|Any CPU
		{B5210548-D7B3-49F5-B549-535FDA7F5E58}.Debug|x64.Build.0 = Debug|Any CPU
		{B5210548-D7B3-49F5-B549-535FDA7F5E58}.Debug|x86.ActiveCfg = Debug|Any CPU
		{B5210548-D7B3-49F5-B549-535FDA7F5E58}.Debug|x86.Build.0 = Debug|Any CPU
		{B5210548-D7B3-49F5-B549-535FDA7F5E58}.Release|Any CPU.ActiveCfg = Release|Any CPU
		{B5210548-D7B3-49F5-B549-535FDA7F5E58}.Release|Any CPU.Build.0 = Release|Any CPU
		{B5210548-D7B3-49F5-B549-535FDA7F5E58}.Release|x64.ActiveCfg = Release|Any CPU
		{B5210548-D7B3-49F5-B549-535FDA7F5E58}.Release|x64.Build.0 = Release|Any CPU
		{B5210548-D7B3-49F5-B549-535FDA7F5E58}.Release|x86.ActiveCfg = Release|Any CPU
		{B5210548-D7B3-49F5-B549-535FDA7F5E58}.Release|x86.Build.0 = Release|Any CPU
	EndGlobalSection
	GlobalSection(SolutionProperties) = preSolution
		HideSolutionNode = FALSE
	EndGlobalSection
	GlobalSection(ExtensibilityGlobals) = postSolution
		SolutionGuid = {F751DEEC-449B-43AE-A183-7A0274E66317}
	EndGlobalSection
EndGlobal
